
Microsoft Visual Studio Solution File, Format Version 12.00
# Visual Studio Version 16
VisualStudioVersion = 16.0.32228.343
MinimumVisualStudioVersion = 10.0.40219.1
Project("{FAE04EC0-301F-11D3-BF4B-00C04F79EFBC}") = "RPxSocket", "RPxSocket.csproj", "{1A5D70A5-DA92-4941-9C14-CB0512A6EFD2}"
EndProject
Global
	GlobalSection(SolutionConfigurationPlatforms) = preSolution
		Debug|Any CPU = Debug|Any CPU
		Release|Any CPU = Release|Any CPU
	EndGlobalSection
	GlobalSection(ProjectConfigurationPlatforms) = postSolution
		{1A5D70A5-DA92-4941-9C14-CB0512A6EFD2}.Debug|Any CPU.ActiveCfg = Debug|Any CPU
		{1A5D70A5-DA92-4941-9C14-CB0512A6EFD2}.Debug|Any CPU.Build.0 = Debug|Any CPU
		{1A5D70A5-DA92-4941-9C14-CB0512A6EFD2}.Release|Any CPU.ActiveCfg = Release|Any CPU
		{1A5D70A5-DA92-4941-9C14-CB0512A6EFD2}.Release|Any CPU.Build.0 = Release|Any CPU
	EndGlobalSection
	GlobalSection(SolutionProperties) = preSolution
		HideSolutionNode = FALSE
	EndGlobalSection
	GlobalSection(ExtensibilityGlobals) = postSolution
		SolutionGuid = {1A7BE6A8-C15F-4D90-B109-2CC9453A46DF}
	EndGlobalSection
EndGlobal
